
Microsoft Visual Studio Solution File, Format Version 12.00
# Visual Studio Version 17
VisualStudioVersion = 17.0.31903.59
MinimumVisualStudioVersion = 10.0.40219.1
Project("{2150E333-8FDC-42A3-9474-1A3956D46DE8}") = "src", "src", "{BC761091-0865-48DC-BED1-2A02EBEDC5F3}"
EndProject
Project("{FAE04EC0-301F-11D3-BF4B-00C04F79EFBC}") = "NetworkAtc.PluginApi", "src\NetworkAtc.PluginApi\NetworkAtc.PluginApi.csproj", "{06586D5D-EB8C-4AB7-9FDF-B4909C55EB52}"
EndProject
Project("{FAE04EC0-301F-11D3-BF4B-00C04F79EFBC}") = "NetworkAtc.Core", "src\NetworkAtc.Core\NetworkAtc.Core.csproj", "{48B1239D-D0CC-40FD-977F-67FAFF10F776}"
EndProject
Project("{2150E333-8FDC-42A3-9474-1A3956D46DE8}") = "examples", "examples", "{46805F5F-FC12-4AF8-BB36-797851748E6B}"
EndProject
Project("{FAE04EC0-301F-11D3-BF4B-00C04F79EFBC}") = "SamplePlugin", "examples\SamplePlugin\SamplePlugin.csproj", "{F37C0EEB-464E-4CEE-BA8C-4DE21929D14C}"
EndProject
Project("{2150E333-8FDC-42A3-9474-1A3956D46DE8}") = "tests", "tests", "{5601405B-53B1-4132-9DCB-DB5602DB79FF}"
EndProject
Project("{FAE04EC0-301F-11D3-BF4B-00C04F79EFBC}") = "NetworkAtc.Core.Tests", "tests\NetworkAtc.Core.Tests\NetworkAtc.Core.Tests.csproj", "{A09D6B68-A73E-4EB1-9DCE-5A03DAF090F8}"
EndProject
Project("{FAE04EC0-301F-11D3-BF4B-00C04F79EFBC}") = "NetworkAtc.App", "src\NetworkAtc.App\NetworkAtc.App.csproj", "{B293FEC0-A01C-42D2-A986-E22548462E9F}"
EndProject
Global
	GlobalSection(SolutionConfigurationPlatforms) = preSolution
		Debug|Any CPU = Debug|Any CPU
		Release|Any CPU = Release|Any CPU
	EndGlobalSection
	GlobalSection(SolutionProperties) = preSolution
		HideSolutionNode = FALSE
	EndGlobalSection
	GlobalSection(ProjectConfigurationPlatforms) = postSolution
		{06586D5D-EB8C-4AB7-9FDF-B4909C55EB52}.Debug|Any CPU.ActiveCfg = Debug|Any CPU
		{06586D5D-EB8C-4AB7-9FDF-B4909C55EB52}.Debug|Any CPU.Build.0 = Debug|Any CPU
		{06586D5D-EB8C-4AB7-9FDF-B4909C55EB52}.Release|Any CPU.ActiveCfg = Release|Any CPU
		{06586D5D-EB8C-4AB7-9FDF-B4909C55EB52}.Release|Any CPU.Build.0 = Release|Any CPU
		{48B1239D-D0CC-40FD-977F-67FAFF10F776}.Debug|Any CPU.ActiveCfg = Debug|Any CPU
		{48B1239D-D0CC-40FD-977F-67FAFF10F776}.Debug|Any CPU.Build.0 = Debug|Any CPU
		{48B1239D-D0CC-40FD-977F-67FAFF10F776}.Release|Any CPU.ActiveCfg = Release|Any CPU
		{48B1239D-D0CC-40FD-977F-67FAFF10F776}.Release|Any CPU.Build.0 = Release|Any CPU
		{B293FEC0-A01C-42D2-A986-E22548462E9F}.Debug|Any CPU.ActiveCfg = Debug|Any CPU
		{B293FEC0-A01C-42D2-A986-E22548462E9F}.Debug|Any CPU.Build.0 = Debug|Any CPU
		{B293FEC0-A01C-42D2-A986-E22548462E9F}.Release|Any CPU.ActiveCfg = Release|Any CPU
		{B293FEC0-A01C-42D2-A986-E22548462E9F}.Release|Any CPU.Build.0 = Release|Any CPU
		{F37C0EEB-464E-4CEE-BA8C-4DE21929D14C}.Debug|Any CPU.ActiveCfg = Debug|Any CPU
		{F37C0EEB-464E-4CEE-BA8C-4DE21929D14C}.Debug|Any CPU.Build.0 = Debug|Any CPU
		{F37C0EEB-464E-4CEE-BA8C-4DE21929D14C}.Release|Any CPU.ActiveCfg = Release|Any CPU
		{F37C0EEB-464E-4CEE-BA8C-4DE21929D14C}.Release|Any CPU.Build.0 = Release|Any CPU
		{A09D6B68-A73E-4EB1-9DCE-5A03DAF090F8}.Debug|Any CPU.ActiveCfg = Debug|Any CPU
		{A09D6B68-A73E-4EB1-9DCE-5A03DAF090F8}.Debug|Any CPU.Build.0 = Debug|Any CPU
		{A09D6B68-A73E-4EB1-9DCE-5A03DAF090F8}.Release|Any CPU.ActiveCfg = Release|Any CPU
		{A09D6B68-A73E-4EB1-9DCE-5A03DAF090F8}.Release|Any CPU.Build.0 = Release|Any CPU
	EndGlobalSection
	GlobalSection(NestedProjects) = preSolution
		{B293FEC0-A01C-42D2-A986-E22548462E9F} = {BC761091-0865-48DC-BED1-2A02EBEDC5F3}
		{06586D5D-EB8C-4AB7-9FDF-B4909C55EB52} = {BC761091-0865-48DC-BED1-2A02EBEDC5F3}
		{48B1239D-D0CC-40FD-977F-67FAFF10F776} = {BC761091-0865-48DC-BED1-2A02EBEDC5F3}
		{F37C0EEB-464E-4CEE-BA8C-4DE21929D14C} = {46805F5F-FC12-4AF8-BB36-797851748E6B}
		{A09D6B68-A73E-4EB1-9DCE-5A03DAF090F8} = {5601405B-53B1-4132-9DCB-DB5602DB79FF}
	EndGlobalSection
EndGlobal
